{
  "version": 4,
  "terraform_version": "1.5.3",
  "serial": 5,
  "lineage": "1c30cca8-01aa-77b7-61fd-267c92c068ac",
  "outputs": {},
  "resources": [
    {
      "module": "module.terraform-identity-center",
      "mode": "data",
      "type": "aws_ssoadmin_instances",
      "name": "sso_admin",
      "provider": "provider[\"registry.terraform.io/hashicorp/aws\"]",
      "instances": [
        {
          "schema_version": 0,
          "attributes": {
            "arns": [
              "arn:aws:sso:::instance/ssoins-7223c07a2e9059a9"
            ],
            "id": "us-east-1",
            "identity_store_ids": [
              "d-90679cb14d"
            ]
          },
          "sensitive_attributes": []
        }
      ]
    },
    {
      "module": "module.terraform-identity-center",
      "mode": "managed",
      "type": "aws_identitystore_user",
      "name": "organization_user",
      "provider": "provider[\"registry.terraform.io/hashicorp/aws\"]",
      "instances": [
        {
          "schema_version": 0,
          "attributes": {
            "addresses": [],
            "display_name": "Yoshi12",
            "emails": [
              {
                "primary": true,
                "type": "",
                "value": "kamaz@gmail.com"
              }
            ],
            "external_ids": [],
            "id": "d-90679cb14d/e4387448-f061-705c-51eb-21efdac86b6e",
            "identity_store_id": "d-90679cb14d",
            "locale": "",
            "name": [
              {
                "family_name": "Kyo",
                "formatted": "",
                "given_name": "Kamazaki",
                "honorific_prefix": "",
                "honorific_suffix": "",
                "middle_name": ""
              }
            ],
            "nickname": "",
            "phone_numbers": [
              {
                "primary": true,
                "type": "",
                "value": "237654970161"
              }
            ],
            "preferred_language": "",
            "profile_url": "",
            "timezone": "EST",
            "title": "Developer",
            "user_id": "e4387448-f061-705c-51eb-21efdac86b6e",
            "user_name": "yoshi99000000",
            "user_type": ""
          },
          "sensitive_attributes": [],
          "private": "bnVsbA==",
          "dependencies": [
            "module.terraform-identity-center.data.aws_ssoadmin_instances.sso_admin"
          ]
        }
      ]
    }
  ],
  "check_results": null
}
